
Microsoft Visual Studio Solution File, Format Version 12.00
# Visual Studio Version 17
VisualStudioVersion = 17.8.34525.116
MinimumVisualStudioVersion = 10.0.40219.1
Project("{FAE04EC0-301F-11D3-BF4B-00C04F79EFBC}") = "GestorEventos.Api", "GestorEventos.Api\GestorEventos.Api.csproj", "{2834FBED-E34E-4C92-B023-F036B8170808}"
EndProject
Project("{FAE04EC0-301F-11D3-BF4B-00C04F79EFBC}") = "GestorEventos.Servicios", "GestorEventos.Servicios\GestorEventos.Servicios.csproj", "{77B2AD96-B4FB-4132-8B7D-90CA0333329C}"
EndProject
Global
	GlobalSection(SolutionConfigurationPlatforms) = preSolution
		Debug|Any CPU = Debug|Any CPU
		Release|Any CPU = Release|Any CPU
	EndGlobalSection
	GlobalSection(ProjectConfigurationPlatforms) = postSolution
		{2834FBED-E34E-4C92-B023-F036B8170808}.Debug|Any CPU.ActiveCfg = Debug|Any CPU
		{2834FBED-E34E-4C92-B023-F036B8170808}.Debug|Any CPU.Build.0 = Debug|Any CPU
		{2834FBED-E34E-4C92-B023-F036B8170808}.Release|Any CPU.ActiveCfg = Release|Any CPU
		{2834FBED-E34E-4C92-B023-F036B8170808}.Release|Any CPU.Build.0 = Release|Any CPU
		{77B2AD96-B4FB-4132-8B7D-90CA0333329C}.Debug|Any CPU.ActiveCfg = Debug|Any CPU
		{77B2AD96-B4FB-4132-8B7D-90CA0333329C}.Debug|Any CPU.Build.0 = Debug|Any CPU
		{77B2AD96-B4FB-4132-8B7D-90CA0333329C}.Release|Any CPU.ActiveCfg = Release|Any CPU
		{77B2AD96-B4FB-4132-8B7D-90CA0333329C}.Release|Any CPU.Build.0 = Release|Any CPU
	EndGlobalSection
	GlobalSection(SolutionProperties) = preSolution
		HideSolutionNode = FALSE
	EndGlobalSection
	GlobalSection(ExtensibilityGlobals) = postSolution
		SolutionGuid = {B8CCF7AF-F2D3-4B99-BFB2-83998000990E}
	EndGlobalSection
EndGlobal
